
Microsoft Visual Studio Solution File, Format Version 12.00
# Visual Studio Version 16
VisualStudioVersion = 16.0.31727.386
MinimumVisualStudioVersion = 10.0.40219.1
Project("{FAE04EC0-301F-11D3-BF4B-00C04F79EFBC}") = "Crypto-BankingREG", "Crypto-BankingREG\Crypto-BankingREG.csproj", "{CF1B93FA-40B8-434A-AAB9-65F533FD700B}"
EndProject
Global
	GlobalSection(SolutionConfigurationPlatforms) = preSolution
		Debug|Any CPU = Debug|Any CPU
		Release|Any CPU = Release|Any CPU
	EndGlobalSection
	GlobalSection(ProjectConfigurationPlatforms) = postSolution
		{CF1B93FA-40B8-434A-AAB9-65F533FD700B}.Debug|Any CPU.ActiveCfg = Debug|Any CPU
		{CF1B93FA-40B8-434A-AAB9-65F533FD700B}.Debug|Any CPU.Build.0 = Debug|Any CPU
		{CF1B93FA-40B8-434A-AAB9-65F533FD700B}.Release|Any CPU.ActiveCfg = Release|Any CPU
		{CF1B93FA-40B8-434A-AAB9-65F533FD700B}.Release|Any CPU.Build.0 = Release|Any CPU
	EndGlobalSection
	GlobalSection(SolutionProperties) = preSolution
		HideSolutionNode = FALSE
	EndGlobalSection
	GlobalSection(ExtensibilityGlobals) = postSolution
		SolutionGuid = {CB0FD1F7-A403-45BD-AB12-DF7954B51591}
	EndGlobalSection
EndGlobal
